// !$*UTF8*$!
{
	archiveVersion = 1;
	classes = {
	};
	objectVersion = 56;
	objects = {

/* Begin PBXBuildFile section */
		271243CD29FC924B0030553A /* GeoFire in Frameworks */ = {isa = PBXBuildFile; productRef = 271243CC29FC924B0030553A /* GeoFire */; };
		271243CF29FC924B0030553A /* GeoFireUtils in Frameworks */ = {isa = PBXBuildFile; productRef = 271243CE29FC924B0030553A /* GeoFireUtils */; };
		271243D229FC96920030553A /* GoogleMaps in Frameworks */ = {isa = PBXBuildFile; productRef = 271243D129FC96920030553A /* GoogleMaps */; };
		271243D429FC96920030553A /* GoogleMapsBase in Frameworks */ = {isa = PBXBuildFile; productRef = 271243D329FC96920030553A /* GoogleMapsBase */; };
		271243D629FC96920030553A /* GoogleMapsCore in Frameworks */ = {isa = PBXBuildFile; productRef = 271243D529FC96920030553A /* GoogleMapsCore */; };
		271243D829FC96920030553A /* GoogleMapsM4B in Frameworks */ = {isa = PBXBuildFile; productRef = 271243D729FC96920030553A /* GoogleMapsM4B */; };
		271243DA29FC96920030553A /* GooglePlaces in Frameworks */ = {isa = PBXBuildFile; productRef = 271243D929FC96920030553A /* GooglePlaces */; };
		2728D7EB29820C8700BB330C /* ProfileViewController.swift in Sources */ = {isa = PBXBuildFile; fileRef = 2728D7EA29820C8700BB330C /* ProfileViewController.swift */; };
		2728D8162988436B00BB330C /* HomeCollectionViewCell.swift in Sources */ = {isa = PBXBuildFile; fileRef = 2728D8152988436B00BB330C /* HomeCollectionViewCell.swift */; };
		2741CFD129960B8B000307FF /* ProfileDetailViewController.swift in Sources */ = {isa = PBXBuildFile; fileRef = 2741CFD029960B8B000307FF /* ProfileDetailViewController.swift */; };
		276EBBE129776D3300634E8E /* GoogleService-Info.plist in Resources */ = {isa = PBXBuildFile; fileRef = 276EBBE029776D3300634E8E /* GoogleService-Info.plist */; };
		27A5505429785D490062A6BD /* FirebaseAuth in Frameworks */ = {isa = PBXBuildFile; productRef = 27A5505329785D490062A6BD /* FirebaseAuth */; };
		27A5505629785D490062A6BD /* FirebaseFirestore in Frameworks */ = {isa = PBXBuildFile; productRef = 27A5505529785D490062A6BD /* FirebaseFirestore */; };
		27A5505829785D490062A6BD /* FirebaseStorage in Frameworks */ = {isa = PBXBuildFile; productRef = 27A5505729785D490062A6BD /* FirebaseStorage */; };
		27A5505A29789A9C0062A6BD /* HomeViewController.swift in Sources */ = {isa = PBXBuildFile; fileRef = 27A5505929789A9C0062A6BD /* HomeViewController.swift */; };
		27A5505D2978A65C0062A6BD /* Utilities.swift in Sources */ = {isa = PBXBuildFile; fileRef = 27A5505C2978A65C0062A6BD /* Utilities.swift */; };
		27AAE492298B09BC0051CD3C /* EditProfileViewController.swift in Sources */ = {isa = PBXBuildFile; fileRef = 27AAE491298B09BC0051CD3C /* EditProfileViewController.swift */; };
		27AAE494298B09E20051CD3C /* MatchesViewController.swift in Sources */ = {isa = PBXBuildFile; fileRef = 27AAE493298B09E20051CD3C /* MatchesViewController.swift */; };
		27AAE496298B3B230051CD3C /* Roomie.swift in Sources */ = {isa = PBXBuildFile; fileRef = 27AAE495298B3B230051CD3C /* Roomie.swift */; };
		27AAE498298B6A180051CD3C /* MatchesCollectionViewCell.swift in Sources */ = {isa = PBXBuildFile; fileRef = 27AAE497298B6A180051CD3C /* MatchesCollectionViewCell.swift */; };
		27BA41F72976516C007906C5 /* AppDelegate.swift in Sources */ = {isa = PBXBuildFile; fileRef = 27BA41F62976516C007906C5 /* AppDelegate.swift */; };
		27BA41F92976516C007906C5 /* SceneDelegate.swift in Sources */ = {isa = PBXBuildFile; fileRef = 27BA41F82976516C007906C5 /* SceneDelegate.swift */; };
		27BA41FE2976516C007906C5 /* Main.storyboard in Resources */ = {isa = PBXBuildFile; fileRef = 27BA41FC2976516C007906C5 /* Main.storyboard */; };
		27BA42002976516E007906C5 /* Assets.xcassets in Resources */ = {isa = PBXBuildFile; fileRef = 27BA41FF2976516E007906C5 /* Assets.xcassets */; };
		27BA42032976516E007906C5 /* LaunchScreen.storyboard in Resources */ = {isa = PBXBuildFile; fileRef = 27BA42012976516E007906C5 /* LaunchScreen.storyboard */; };
		27BA420E29766C39007906C5 /* SignUpViewController.swift in Sources */ = {isa = PBXBuildFile; fileRef = 27BA420D29766C39007906C5 /* SignUpViewController.swift */; };
		27BA421029766C5E007906C5 /* LSNavViewController.swift in Sources */ = {isa = PBXBuildFile; fileRef = 27BA420F29766C5E007906C5 /* LSNavViewController.swift */; };
		27BA421229766DCA007906C5 /* LoginPageViewController.swift in Sources */ = {isa = PBXBuildFile; fileRef = 27BA421129766DCA007906C5 /* LoginPageViewController.swift */; };
		27D9D0D329809A6E0001109D /* Constants.swift in Sources */ = {isa = PBXBuildFile; fileRef = 27D9D0D229809A6E0001109D /* Constants.swift */; };
/* End PBXBuildFile section */

/* Begin PBXFileReference section */
		2700AF062A0E012600F37702 /* Room8s.entitlements */ = {isa = PBXFileReference; lastKnownFileType = text.plist.entitlements; path = Room8s.entitlements; sourceTree = "<group>"; };
		2728D7EA29820C8700BB330C /* ProfileViewController.swift */ = {isa = PBXFileReference; lastKnownFileType = sourcecode.swift; path = ProfileViewController.swift; sourceTree = "<group>"; };
		2728D8152988436B00BB330C /* HomeCollectionViewCell.swift */ = {isa = PBXFileReference; lastKnownFileType = sourcecode.swift; path = HomeCollectionViewCell.swift; sourceTree = "<group>"; };
		2741CFD029960B8B000307FF /* ProfileDetailViewController.swift */ = {isa = PBXFileReference; lastKnownFileType = sourcecode.swift; path = ProfileDetailViewController.swift; sourceTree = "<group>"; };
		276EBBE029776D3300634E8E /* GoogleService-Info.plist */ = {isa = PBXFileReference; fileEncoding = 4; lastKnownFileType = text.plist.xml; name = "GoogleService-Info.plist"; path = "../../../Downloads/GoogleService-Info.plist"; sourceTree = "<group>"; };
		27A5505929789A9C0062A6BD /* HomeViewController.swift */ = {isa = PBXFileReference; lastKnownFileType = sourcecode.swift; path = HomeViewController.swift; sourceTree = "<group>"; };
		27A5505C2978A65C0062A6BD /* Utilities.swift */ = {isa = PBXFileReference; lastKnownFileType = sourcecode.swift; path = Utilities.swift; sourceTree = "<group>"; };
		27AAE491298B09BC0051CD3C /* EditProfileViewController.swift */ = {isa = PBXFileReference; lastKnownFileType = sourcecode.swift; path = EditProfileViewController.swift; sourceTree = "<group>"; };
		27AAE493298B09E20051CD3C /* MatchesViewController.swift */ = {isa = PBXFileReference; lastKnownFileType = sourcecode.swift; path = MatchesViewController.swift; sourceTree = "<group>"; };
		27AAE495298B3B230051CD3C /* Roomie.swift */ = {isa = PBXFileReference; lastKnownFileType = sourcecode.swift; path = Roomie.swift; sourceTree = "<group>"; };
		27AAE497298B6A180051CD3C /* MatchesCollectionViewCell.swift */ = {isa = PBXFileReference; lastKnownFileType = sourcecode.swift; path = MatchesCollectionViewCell.swift; sourceTree = "<group>"; };
		27BA41F32976516C007906C5 /* Room8s.app */ = {isa = PBXFileReference; explicitFileType = wrapper.application; includeInIndex = 0; path = Room8s.app; sourceTree = BUILT_PRODUCTS_DIR; };
		27BA41F62976516C007906C5 /* AppDelegate.swift */ = {isa = PBXFileReference; lastKnownFileType = sourcecode.swift; path = AppDelegate.swift; sourceTree = "<group>"; };
		27BA41F82976516C007906C5 /* SceneDelegate.swift */ = {isa = PBXFileReference; lastKnownFileType = sourcecode.swift; path = SceneDelegate.swift; sourceTree = "<group>"; };
		27BA41FD2976516C007906C5 /* Base */ = {isa = PBXFileReference; lastKnownFileType = file.storyboard; name = Base; path = Base.lproj/Main.storyboard; sourceTree = "<group>"; };
		27BA41FF2976516E007906C5 /* Assets.xcassets */ = {isa = PBXFileReference; lastKnownFileType = folder.assetcatalog; path = Assets.xcassets; sourceTree = "<group>"; };
		27BA42022976516E007906C5 /* Base */ = {isa = PBXFileReference; lastKnownFileType = file.storyboard; name = Base; path = Base.lproj/LaunchScreen.storyboard; sourceTree = "<group>"; };
		27BA42042976516E007906C5 /* Info.plist */ = {isa = PBXFileReference; lastKnownFileType = text.plist.xml; path = Info.plist; sourceTree = "<group>"; };
		27BA420D29766C39007906C5 /* SignUpViewController.swift */ = {isa = PBXFileReference; lastKnownFileType = sourcecode.swift; path = SignUpViewController.swift; sourceTree = "<group>"; };
		27BA420F29766C5E007906C5 /* LSNavViewController.swift */ = {isa = PBXFileReference; lastKnownFileType = sourcecode.swift; path = LSNavViewController.swift; sourceTree = "<group>"; };
		27BA421129766DCA007906C5 /* LoginPageViewController.swift */ = {isa = PBXFileReference; lastKnownFileType = sourcecode.swift; path = LoginPageViewController.swift; sourceTree = "<group>"; };
		27D9D0D229809A6E0001109D /* Constants.swift */ = {isa = PBXFileReference; lastKnownFileType = sourcecode.swift; path = Constants.swift; sourceTree = "<group>"; };
/* End PBXFileReference section */

/* Begin PBXFrameworksBuildPhase section */
		27BA41F02976516C007906C5 /* Frameworks */ = {
			isa = PBXFrameworksBuildPhase;
			buildActionMask = 2147483647;
			files = (
				271243D829FC96920030553A /* GoogleMapsM4B in Frameworks */,
				271243CD29FC924B0030553A /* GeoFire in Frameworks */,
				271243D429FC96920030553A /* GoogleMapsBase in Frameworks */,
				271243DA29FC96920030553A /* GooglePlaces in Frameworks */,
				27A5505429785D490062A6BD /* FirebaseAuth in Frameworks */,
				271243D229FC96920030553A /* GoogleMaps in Frameworks */,
				27A5505629785D490062A6BD /* FirebaseFirestore in Frameworks */,
				271243D629FC96920030553A /* GoogleMapsCore in Frameworks */,
				27A5505829785D490062A6BD /* FirebaseStorage in Frameworks */,
				271243CF29FC924B0030553A /* GeoFireUtils in Frameworks */,
			);
			runOnlyForDeploymentPostprocessing = 0;
		};
/* End PBXFrameworksBuildPhase section */

/* Begin PBXGroup section */
		2728D8172988438600BB330C /* Cells */ = {
			isa = PBXGroup;
			children = (
				2728D8152988436B00BB330C /* HomeCollectionViewCell.swift */,
				27AAE497298B6A180051CD3C /* MatchesCollectionViewCell.swift */,
			);
			name = Cells;
			path = ../..;
			sourceTree = "<group>";
		};
		276EBBE22977720700634E8E /* Packages */ = {
			isa = PBXGroup;
			children = (
			);
			name = Packages;
			sourceTree = "<group>";
		};
		27A5505B2978A6340062A6BD /* Helpers */ = {
			isa = PBXGroup;
			children = (
				27A5505C2978A65C0062A6BD /* Utilities.swift */,
				27D9D0D229809A6E0001109D /* Constants.swift */,
			);
			path = Helpers;
			sourceTree = "<group>";
		};
		27AAE499298C7E540051CD3C /* Models */ = {
			isa = PBXGroup;
			children = (
				27AAE495298B3B230051CD3C /* Roomie.swift */,
			);
			path = Models;
			sourceTree = "<group>";
		};
		27AAE49A298C7E5A0051CD3C /* Networking */ = {
			isa = PBXGroup;
			children = (
			);
			path = Networking;
			sourceTree = "<group>";
		};
		27AAE49B298C7E670051CD3C /* Views */ = {
			isa = PBXGroup;
			children = (
				27BA42012976516E007906C5 /* LaunchScreen.storyboard */,
				27BA41FC2976516C007906C5 /* Main.storyboard */,
				2728D8172988438600BB330C /* Cells */,
			);
			path = Views;
			sourceTree = "<group>";
		};
		27BA41EA2976516B007906C5 = {
			isa = PBXGroup;
			children = (
				276EBBE22977720700634E8E /* Packages */,
				27BA41F52976516C007906C5 /* Room8s */,
				27BA41F42976516C007906C5 /* Products */,
			);
			sourceTree = "<group>";
		};
		27BA41F42976516C007906C5 /* Products */ = {
			isa = PBXGroup;
			children = (
				27BA41F32976516C007906C5 /* Room8s.app */,
			);
			name = Products;
			sourceTree = "<group>";
		};
		27BA41F52976516C007906C5 /* Room8s */ = {
			isa = PBXGroup;
			children = (
				2700AF062A0E012600F37702 /* Room8s.entitlements */,
				27BA41F62976516C007906C5 /* AppDelegate.swift */,
				27BA41F82976516C007906C5 /* SceneDelegate.swift */,
				27BA41FF2976516E007906C5 /* Assets.xcassets */,
				276EBBE029776D3300634E8E /* GoogleService-Info.plist */,
				27BA42042976516E007906C5 /* Info.plist */,
				27BA420A29766BE6007906C5 /* ViewControllers */,
				27A5505B2978A6340062A6BD /* Helpers */,
				27AAE499298C7E540051CD3C /* Models */,
				27AAE49A298C7E5A0051CD3C /* Networking */,
				27AAE49B298C7E670051CD3C /* Views */,
			);
			path = Room8s;
			sourceTree = "<group>";
		};
		27BA420A29766BE6007906C5 /* ViewControllers */ = {
			isa = PBXGroup;
			children = (
				27BA420D29766C39007906C5 /* SignUpViewController.swift */,
				27BA420F29766C5E007906C5 /* LSNavViewController.swift */,
				27BA421129766DCA007906C5 /* LoginPageViewController.swift */,
				27A5505929789A9C0062A6BD /* HomeViewController.swift */,
				2728D7EA29820C8700BB330C /* ProfileViewController.swift */,
				27AAE493298B09E20051CD3C /* MatchesViewController.swift */,
				27AAE491298B09BC0051CD3C /* EditProfileViewController.swift */,
				2741CFD029960B8B000307FF /* ProfileDetailViewController.swift */,
			);
			path = ViewControllers;
			sourceTree = "<group>";
		};
/* End PBXGroup section */

/* Begin PBXNativeTarget section */
		27BA41F22976516C007906C5 /* Room8s */ = {
			isa = PBXNativeTarget;
			buildConfigurationList = 27BA42072976516E007906C5 /* Build configuration list for PBXNativeTarget "Room8s" */;
			buildPhases = (
				27BA41EF2976516C007906C5 /* Sources */,
				27BA41F02976516C007906C5 /* Frameworks */,
				27BA41F12976516C007906C5 /* Resources */,
			);
			buildRules = (
			);
			dependencies = (
			);
			name = Room8s;
			packageProductDependencies = (
				27A5505329785D490062A6BD /* FirebaseAuth */,
				27A5505529785D490062A6BD /* FirebaseFirestore */,
				27A5505729785D490062A6BD /* FirebaseStorage */,
				271243CC29FC924B0030553A /* GeoFire */,
				271243CE29FC924B0030553A /* GeoFireUtils */,
				271243D129FC96920030553A /* GoogleMaps */,
				271243D329FC96920030553A /* GoogleMapsBase */,
				271243D529FC96920030553A /* GoogleMapsCore */,
				271243D729FC96920030553A /* GoogleMapsM4B */,
				271243D929FC96920030553A /* GooglePlaces */,
			);
			productName = Room8s;
			productReference = 27BA41F32976516C007906C5 /* Room8s.app */;
			productType = "com.apple.product-type.application";
		};
/* End PBXNativeTarget section */

/* Begin PBXProject section */
		27BA41EB2976516B007906C5 /* Project object */ = {
			isa = PBXProject;
			attributes = {
				BuildIndependentTargetsInParallel = 1;
				LastSwiftUpdateCheck = 1420;
				LastUpgradeCheck = 1420;
				TargetAttributes = {
					27BA41F22976516C007906C5 = {
						CreatedOnToolsVersion = 14.2;
					};
				};
			};
			buildConfigurationList = 27BA41EE2976516B007906C5 /* Build configuration list for PBXProject "Room8s" */;
			compatibilityVersion = "Xcode 14.0";
			developmentRegion = en;
			hasScannedForEncodings = 0;
			knownRegions = (
				en,
				Base,
			);
			mainGroup = 27BA41EA2976516B007906C5;
			packageReferences = (
				27A5505229785D490062A6BD /* XCRemoteSwiftPackageReference "firebase-ios-sdk" */,
				271243CB29FC924B0030553A /* XCRemoteSwiftPackageReference "geofire-objc" */,
				271243D029FC96920030553A /* XCRemoteSwiftPackageReference "GoogleMaps-SP" */,
			);
			productRefGroup = 27BA41F42976516C007906C5 /* Products */;
			projectDirPath = "";
			projectRoot = "";
			targets = (
				27BA41F22976516C007906C5 /* Room8s */,
			);
		};
/* End PBXProject section */

/* Begin PBXResourcesBuildPhase section */
		27BA41F12976516C007906C5 /* Resources */ = {
			isa = PBXResourcesBuildPhase;
			buildActionMask = 2147483647;
			files = (
				27BA42032976516E007906C5 /* LaunchScreen.storyboard in Resources */,
				276EBBE129776D3300634E8E /* GoogleService-Info.plist in Resources */,
				27BA42002976516E007906C5 /* Assets.xcassets in Resources */,
				27BA41FE2976516C007906C5 /* Main.storyboard in Resources */,
			);
			runOnlyForDeploymentPostprocessing = 0;
		};
/* End PBXResourcesBuildPhase section */

/* Begin PBXSourcesBuildPhase section */
		27BA41EF2976516C007906C5 /* Sources */ = {
			isa = PBXSourcesBuildPhase;
			buildActionMask = 2147483647;
			files = (
				27AAE492298B09BC0051CD3C /* EditProfileViewController.swift in Sources */,
				27BA421029766C5E007906C5 /* LSNavViewController.swift in Sources */,
				27BA420E29766C39007906C5 /* SignUpViewController.swift in Sources */,
				27AAE498298B6A180051CD3C /* MatchesCollectionViewCell.swift in Sources */,
				27BA41F72976516C007906C5 /* AppDelegate.swift in Sources */,
				27AAE494298B09E20051CD3C /* MatchesViewController.swift in Sources */,
				2728D7EB29820C8700BB330C /* ProfileViewController.swift in Sources */,
				27BA421229766DCA007906C5 /* LoginPageViewController.swift in Sources */,
				2728D8162988436B00BB330C /* HomeCollectionViewCell.swift in Sources */,
				27A5505D2978A65C0062A6BD /* Utilities.swift in Sources */,
				2741CFD129960B8B000307FF /* ProfileDetailViewController.swift in Sources */,
				27A5505A29789A9C0062A6BD /* HomeViewController.swift in Sources */,
				27BA41F92976516C007906C5 /* SceneDelegate.swift in Sources */,
				27D9D0D329809A6E0001109D /* Constants.swift in Sources */,
				27AAE496298B3B230051CD3C /* Roomie.swift in Sources */,
			);
			runOnlyForDeploymentPostprocessing = 0;
		};
/* End PBXSourcesBuildPhase section */

/* Begin PBXVariantGroup section */
		27BA41FC2976516C007906C5 /* Main.storyboard */ = {
			isa = PBXVariantGroup;
			children = (
				27BA41FD2976516C007906C5 /* Base */,
			);
			name = Main.storyboard;
			sourceTree = "<group>";
		};
		27BA42012976516E007906C5 /* LaunchScreen.storyboard */ = {
			isa = PBXVariantGroup;
			children = (
				27BA42022976516E007906C5 /* Base */,
			);
			name = LaunchScreen.storyboard;
			sourceTree = "<group>";
		};
/* End PBXVariantGroup section */

/* Begin XCBuildConfiguration section */
		27BA42052976516E007906C5 /* Debug */ = {
			isa = XCBuildConfiguration;
			buildSettings = {
				ALWAYS_SEARCH_USER_PATHS = NO;
				CLANG_ANALYZER_NONNULL = YES;
				CLANG_ANALYZER_NUMBER_OBJECT_CONVERSION = YES_AGGRESSIVE;
				CLANG_CXX_LANGUAGE_STANDARD = "gnu++20";
				CLANG_ENABLE_MODULES = YES;
				CLANG_ENABLE_OBJC_ARC = YES;
				CLANG_ENABLE_OBJC_WEAK = YES;
				CLANG_WARN_BLOCK_CAPTURE_AUTORELEASING = YES;
				CLANG_WARN_BOOL_CONVERSION = YES;
				CLANG_WARN_COMMA = YES;
				CLANG_WARN_CONSTANT_CONVERSION = YES;
				CLANG_WARN_DEPRECATED_OBJC_IMPLEMENTATIONS = YES;
				CLANG_WARN_DIRECT_OBJC_ISA_USAGE = YES_ERROR;
				CLANG_WARN_DOCUMENTATION_COMMENTS = YES;
				CLANG_WARN_EMPTY_BODY = YES;
				CLANG_WARN_ENUM_CONVERSION = YES;
				CLANG_WARN_INFINITE_RECURSION = YES;
				CLANG_WARN_INT_CONVERSION = YES;
				CLANG_WARN_NON_LITERAL_NULL_CONVERSION = YES;
				CLANG_WARN_OBJC_IMPLICIT_RETAIN_SELF = YES;
				CLANG_WARN_OBJC_LITERAL_CONVERSION = YES;
				CLANG_WARN_OBJC_ROOT_CLASS = YES_ERROR;
				CLANG_WARN_QUOTED_INCLUDE_IN_FRAMEWORK_HEADER = YES;
				CLANG_WARN_RANGE_LOOP_ANALYSIS = YES;
				CLANG_WARN_STRICT_PROTOTYPES = YES;
				CLANG_WARN_SUSPICIOUS_MOVE = YES;
				CLANG_WARN_UNGUARDED_AVAILABILITY = YES_AGGRESSIVE;
				CLANG_WARN_UNREACHABLE_CODE = YES;
				CLANG_WARN__DUPLICATE_METHOD_MATCH = YES;
				COPY_PHASE_STRIP = NO;
				DEBUG_INFORMATION_FORMAT = dwarf;
				ENABLE_STRICT_OBJC_MSGSEND = YES;
				ENABLE_TESTABILITY = YES;
				GCC_C_LANGUAGE_STANDARD = gnu11;
				GCC_DYNAMIC_NO_PIC = NO;
				GCC_NO_COMMON_BLOCKS = YES;
				GCC_OPTIMIZATION_LEVEL = 0;
				GCC_PREPROCESSOR_DEFINITIONS = (
					"DEBUG=1",
					"$(inherited)",
				);
				GCC_WARN_64_TO_32_BIT_CONVERSION = YES;
				GCC_WARN_ABOUT_RETURN_TYPE = YES_ERROR;
				GCC_WARN_UNDECLARED_SELECTOR = YES;
				GCC_WARN_UNINITIALIZED_AUTOS = YES_AGGRESSIVE;
				GCC_WARN_UNUSED_FUNCTION = YES;
				GCC_WARN_UNUSED_VARIABLE = YES;
				IPHONEOS_DEPLOYMENT_TARGET = 16.2;
				MTL_ENABLE_DEBUG_INFO = INCLUDE_SOURCE;
				MTL_FAST_MATH = YES;
				ONLY_ACTIVE_ARCH = YES;
				SDKROOT = iphoneos;
				SWIFT_ACTIVE_COMPILATION_CONDITIONS = DEBUG;
				SWIFT_OPTIMIZATION_LEVEL = "-Onone";
			};
			name = Debug;
		};
		27BA42062976516E007906C5 /* Release */ = {
			isa = XCBuildConfiguration;
			buildSettings = {
				ALWAYS_SEARCH_USER_PATHS = NO;
				CLANG_ANALYZER_NONNULL = YES;
				CLANG_ANALYZER_NUMBER_OBJECT_CONVERSION = YES_AGGRESSIVE;
				CLANG_CXX_LANGUAGE_STANDARD = "gnu++20";
				CLANG_ENABLE_MODULES = YES;
				CLANG_ENABLE_OBJC_ARC = YES;
				CLANG_ENABLE_OBJC_WEAK = YES;
				CLANG_WARN_BLOCK_CAPTURE_AUTORELEASING = YES;
				CLANG_WARN_BOOL_CONVERSION = YES;
				CLANG_WARN_COMMA = YES;
				CLANG_WARN_CONSTANT_CONVERSION = YES;
				CLANG_WARN_DEPRECATED_OBJC_IMPLEMENTATIONS = YES;
				CLANG_WARN_DIRECT_OBJC_ISA_USAGE = YES_ERROR;
				CLANG_WARN_DOCUMENTATION_COMMENTS = YES;
				CLANG_WARN_EMPTY_BODY = YES;
				CLANG_WARN_ENUM_CONVERSION = YES;
				CLANG_WARN_INFINITE_RECURSION = YES;
				CLANG_WARN_INT_CONVERSION = YES;
				CLANG_WARN_NON_LITERAL_NULL_CONVERSION = YES;
				CLANG_WARN_OBJC_IMPLICIT_RETAIN_SELF = YES;
				CLANG_WARN_OBJC_LITERAL_CONVERSION = YES;
				CLANG_WARN_OBJC_ROOT_CLASS = YES_ERROR;
				CLANG_WARN_QUOTED_INCLUDE_IN_FRAMEWORK_HEADER = YES;
				CLANG_WARN_RANGE_LOOP_ANALYSIS = YES;
				CLANG_WARN_STRICT_PROTOTYPES = YES;
				CLANG_WARN_SUSPICIOUS_MOVE = YES;
				CLANG_WARN_UNGUARDED_AVAILABILITY = YES_AGGRESSIVE;
				CLANG_WARN_UNREACHABLE_CODE = YES;
				CLANG_WARN__DUPLICATE_METHOD_MATCH = YES;
				COPY_PHASE_STRIP = NO;
				DEBUG_INFORMATION_FORMAT = "dwarf-with-dsym";
				ENABLE_NS_ASSERTIONS = NO;
				ENABLE_STRICT_OBJC_MSGSEND = YES;
				GCC_C_LANGUAGE_STANDARD = gnu11;
				GCC_NO_COMMON_BLOCKS = YES;
				GCC_WARN_64_TO_32_BIT_CONVERSION = YES;
				GCC_WARN_ABOUT_RETURN_TYPE = YES_ERROR;
				GCC_WARN_UNDECLARED_SELECTOR = YES;
				GCC_WARN_UNINITIALIZED_AUTOS = YES_AGGRESSIVE;
				GCC_WARN_UNUSED_FUNCTION = YES;
				GCC_WARN_UNUSED_VARIABLE = YES;
				IPHONEOS_DEPLOYMENT_TARGET = 16.2;
				MTL_ENABLE_DEBUG_INFO = NO;
				MTL_FAST_MATH = YES;
				SDKROOT = iphoneos;
				SWIFT_COMPILATION_MODE = wholemodule;
				SWIFT_OPTIMIZATION_LEVEL = "-O";
				VALIDATE_PRODUCT = YES;
			};
			name = Release;
		};
		27BA42082976516E007906C5 /* Debug */ = {
			isa = XCBuildConfiguration;
			buildSettings = {
				ASSETCATALOG_COMPILER_APPICON_NAME = AppIcon;
				ASSETCATALOG_COMPILER_GLOBAL_ACCENT_COLOR_NAME = AccentColor;
				CODE_SIGN_ENTITLEMENTS = Room8s/Room8s.entitlements;
				CODE_SIGN_STYLE = Automatic;
				CURRENT_PROJECT_VERSION = 1;
				GENERATE_INFOPLIST_FILE = YES;
				INFOPLIST_FILE = Room8s/Info.plist;
				INFOPLIST_KEY_UIApplicationSupportsIndirectInputEvents = YES;
				INFOPLIST_KEY_UILaunchStoryboardName = LaunchScreen;
				INFOPLIST_KEY_UIMainStoryboardFile = Main;
				INFOPLIST_KEY_UISupportedInterfaceOrientations_iPad = "UIInterfaceOrientationPortrait UIInterfaceOrientationPortraitUpsideDown UIInterfaceOrientationLandscapeLeft UIInterfaceOrientationLandscapeRight";
				INFOPLIST_KEY_UISupportedInterfaceOrientations_iPhone = "UIInterfaceOrientationPortrait UIInterfaceOrientationLandscapeLeft UIInterfaceOrientationLandscapeRight";
				LD_RUNPATH_SEARCH_PATHS = (
					"$(inherited)",
					"@executable_path/Frameworks",
				);
				MARKETING_VERSION = 1.0;
				PRODUCT_BUNDLE_IDENTIFIER = Jbenjamin.Room8s;
				PRODUCT_NAME = "$(TARGET_NAME)";
				SWIFT_EMIT_LOC_STRINGS = YES;
				SWIFT_VERSION = 5.0;
				TARGETED_DEVICE_FAMILY = "1,2";
			};
			name = Debug;
		};
		27BA42092976516E007906C5 /* Release */ = {
			isa = XCBuildConfiguration;
			buildSettings = {
				ASSETCATALOG_COMPILER_APPICON_NAME = AppIcon;
				ASSETCATALOG_COMPILER_GLOBAL_ACCENT_COLOR_NAME = AccentColor;
				CODE_SIGN_ENTITLEMENTS = Room8s/Room8s.entitlements;
				CODE_SIGN_STYLE = Automatic;
				CURRENT_PROJECT_VERSION = 1;
				GENERATE_INFOPLIST_FILE = YES;
				INFOPLIST_FILE = Room8s/Info.plist;
				INFOPLIST_KEY_UIApplicationSupportsIndirectInputEvents = YES;
				INFOPLIST_KEY_UILaunchStoryboardName = LaunchScreen;
				INFOPLIST_KEY_UIMainStoryboardFile = Main;
				INFOPLIST_KEY_UISupportedInterfaceOrientations_iPad = "UIInterfaceOrientationPortrait UIInterfaceOrientationPortraitUpsideDown UIInterfaceOrientationLandscapeLeft UIInterfaceOrientationLandscapeRight";
				INFOPLIST_KEY_UISupportedInterfaceOrientations_iPhone = "UIInterfaceOrientationPortrait UIInterfaceOrientationLandscapeLeft UIInterfaceOrientationLandscapeRight";
				LD_RUNPATH_SEARCH_PATHS = (
					"$(inherited)",
					"@executable_path/Frameworks",
				);
				MARKETING_VERSION = 1.0;
				PRODUCT_BUNDLE_IDENTIFIER = Jbenjamin.Room8s;
				PRODUCT_NAME = "$(TARGET_NAME)";
				SWIFT_EMIT_LOC_STRINGS = YES;
				SWIFT_VERSION = 5.0;
				TARGETED_DEVICE_FAMILY = "1,2";
			};
			name = Release;
		};
/* End XCBuildConfiguration section */

/* Begin XCConfigurationList section */
		27BA41EE2976516B007906C5 /* Build configuration list for PBXProject "Room8s" */ = {
			isa = XCConfigurationList;
			buildConfigurations = (
				27BA42052976516E007906C5 /* Debug */,
				27BA42062976516E007906C5 /* Release */,
			);
			defaultConfigurationIsVisible = 0;
			defaultConfigurationName = Release;
		};
		27BA42072976516E007906C5 /* Build configuration list for PBXNativeTarget "Room8s" */ = {
			isa = XCConfigurationList;
			buildConfigurations = (
				27BA42082976516E007906C5 /* Debug */,
				27BA42092976516E007906C5 /* Release */,
			);
			defaultConfigurationIsVisible = 0;
			defaultConfigurationName = Release;
		};
/* End XCConfigurationList section */

/* Begin XCRemoteSwiftPackageReference section */
		271243CB29FC924B0030553A /* XCRemoteSwiftPackageReference "geofire-objc" */ = {
			isa = XCRemoteSwiftPackageReference;
			repositoryURL = "https://github.com/firebase/geofire-objc.git";
			requirement = {
				branch = master;
				kind = branch;
			};
		};
		271243D029FC96920030553A /* XCRemoteSwiftPackageReference "GoogleMaps-SP" */ = {
			isa = XCRemoteSwiftPackageReference;
			repositoryURL = "https://github.com/YAtechnologies/GoogleMaps-SP.git";
			requirement = {
				kind = upToNextMajorVersion;
				minimumVersion = 7.0.0;
			};
		};
		27A5505229785D490062A6BD /* XCRemoteSwiftPackageReference "firebase-ios-sdk" */ = {
			isa = XCRemoteSwiftPackageReference;
			repositoryURL = "https://github.com/firebase/firebase-ios-sdk";
			requirement = {
				branch = master;
				kind = branch;
			};
		};
/* End XCRemoteSwiftPackageReference section */

/* Begin XCSwiftPackageProductDependency section */
		271243CC29FC924B0030553A /* GeoFire */ = {
			isa = XCSwiftPackageProductDependency;
			package = 271243CB29FC924B0030553A /* XCRemoteSwiftPackageReference "geofire-objc" */;
			productName = GeoFire;
		};
		271243CE29FC924B0030553A /* GeoFireUtils */ = {
			isa = XCSwiftPackageProductDependency;
			package = 271243CB29FC924B0030553A /* XCRemoteSwiftPackageReference "geofire-objc" */;
			productName = GeoFireUtils;
		};
		271243D129FC96920030553A /* GoogleMaps */ = {
			isa = XCSwiftPackageProductDependency;
			package = 271243D029FC96920030553A /* XCRemoteSwiftPackageReference "GoogleMaps-SP" */;
			productName = GoogleMaps;
		};
		271243D329FC96920030553A /* GoogleMapsBase */ = {
			isa = XCSwiftPackageProductDependency;
			package = 271243D029FC96920030553A /* XCRemoteSwiftPackageReference "GoogleMaps-SP" */;
			productName = GoogleMapsBase;
		};
		271243D529FC96920030553A /* GoogleMapsCore */ = {
			isa = XCSwiftPackageProductDependency;
			package = 271243D029FC96920030553A /* XCRemoteSwiftPackageReference "GoogleMaps-SP" */;
			productName = GoogleMapsCore;
		};
		271243D729FC96920030553A /* GoogleMapsM4B */ = {
			isa = XCSwiftPackageProductDependency;
			package = 271243D029FC96920030553A /* XCRemoteSwiftPackageReference "GoogleMaps-SP" */;
			productName = GoogleMapsM4B;
		};
		271243D929FC96920030553A /* GooglePlaces */ = {
			isa = XCSwiftPackageProductDependency;
			package = 271243D029FC96920030553A /* XCRemoteSwiftPackageReference "GoogleMaps-SP" */;
			productName = GooglePlaces;
		};
		27A5505329785D490062A6BD /* FirebaseAuth */ = {
			isa = XCSwiftPackageProductDependency;
			package = 27A5505229785D490062A6BD /* XCRemoteSwiftPackageReference "firebase-ios-sdk" */;
			productName = FirebaseAuth;
		};
		27A5505529785D490062A6BD /* FirebaseFirestore */ = {
			isa = XCSwiftPackageProductDependency;
			package = 27A5505229785D490062A6BD /* XCRemoteSwiftPackageReference "firebase-ios-sdk" */;
			productName = FirebaseFirestore;
		};
		27A5505729785D490062A6BD /* FirebaseStorage */ = {
			isa = XCSwiftPackageProductDependency;
			package = 27A5505229785D490062A6BD /* XCRemoteSwiftPackageReference "firebase-ios-sdk" */;
			productName = FirebaseStorage;
		};
/* End XCSwiftPackageProductDependency section */
	};
	rootObject = 27BA41EB2976516B007906C5 /* Project object */;
}
